
Microsoft Visual Studio Solution File, Format Version 12.00
# Visual Studio 2013
VisualStudioVersion = 12.0.21005.1
MinimumVisualStudioVersion = 10.0.40219.1
Project("{FAE04EC0-301F-11D3-BF4B-00C04F79EFBC}") = "RequestsForRights.Web", "RequestsForRightsV2\RequestsForRights.Web.csproj", "{F681AC1D-0629-4021-8FF6-EC5FB119FA6B}"
EndProject
Project("{FAE04EC0-301F-11D3-BF4B-00C04F79EFBC}") = "RequestsForRights.Domain", "Domain\RequestsForRights.Domain.csproj", "{F4CCA6B9-9648-47F4-A750-4ECCBA53F5FB}"
EndProject
Project("{FAE04EC0-301F-11D3-BF4B-00C04F79EFBC}") = "RequestsForRights.Database", "Database\RequestsForRights.Database.csproj", "{1CE3AA34-A68D-4364-B5B0-128AC8771D3F}"
EndProject
Project("{FAE04EC0-301F-11D3-BF4B-00C04F79EFBC}") = "RequestsForRights.Ldap", "RequestsForRights.Ldap\RequestsForRights.Ldap.csproj", "{45B2F648-AA9A-4FCE-BD87-99C184A6FA29}"
EndProject
Project("{FAE04EC0-301F-11D3-BF4B-00C04F79EFBC}") = "RequestsForRights.CachePool", "RequestsForRights.CachePool\RequestsForRights.CachePool.csproj", "{9BBD2CAF-B6C1-4747-816B-59D95D18610E}"
EndProject
Project("{FAE04EC0-301F-11D3-BF4B-00C04F79EFBC}") = "RequestsForRights.UnitTests", "RequestsForRights.UnitTests\RequestsForRights.UnitTests.csproj", "{4E51504E-D0E2-49F5-A726-DCC4E4E780E5}"
EndProject
Global
	GlobalSection(SolutionConfigurationPlatforms) = preSolution
		Debug|Any CPU = Debug|Any CPU
		Release|Any CPU = Release|Any CPU
	EndGlobalSection
	GlobalSection(ProjectConfigurationPlatforms) = postSolution
		{F681AC1D-0629-4021-8FF6-EC5FB119FA6B}.Debug|Any CPU.ActiveCfg = Debug|Any CPU
		{F681AC1D-0629-4021-8FF6-EC5FB119FA6B}.Debug|Any CPU.Build.0 = Debug|Any CPU
		{F681AC1D-0629-4021-8FF6-EC5FB119FA6B}.Release|Any CPU.ActiveCfg = Release|Any CPU
		{F681AC1D-0629-4021-8FF6-EC5FB119FA6B}.Release|Any CPU.Build.0 = Release|Any CPU
		{F4CCA6B9-9648-47F4-A750-4ECCBA53F5FB}.Debug|Any CPU.ActiveCfg = Debug|Any CPU
		{F4CCA6B9-9648-47F4-A750-4ECCBA53F5FB}.Debug|Any CPU.Build.0 = Debug|Any CPU
		{F4CCA6B9-9648-47F4-A750-4ECCBA53F5FB}.Release|Any CPU.ActiveCfg = Release|Any CPU
		{F4CCA6B9-9648-47F4-A750-4ECCBA53F5FB}.Release|Any CPU.Build.0 = Release|Any CPU
		{1CE3AA34-A68D-4364-B5B0-128AC8771D3F}.Debug|Any CPU.ActiveCfg = Debug|Any CPU
		{1CE3AA34-A68D-4364-B5B0-128AC8771D3F}.Debug|Any CPU.Build.0 = Debug|Any CPU
		{1CE3AA34-A68D-4364-B5B0-128AC8771D3F}.Release|Any CPU.ActiveCfg = Release|Any CPU
		{1CE3AA34-A68D-4364-B5B0-128AC8771D3F}.Release|Any CPU.Build.0 = Release|Any CPU
		{45B2F648-AA9A-4FCE-BD87-99C184A6FA29}.Debug|Any CPU.ActiveCfg = Debug|Any CPU
		{45B2F648-AA9A-4FCE-BD87-99C184A6FA29}.Debug|Any CPU.Build.0 = Debug|Any CPU
		{45B2F648-AA9A-4FCE-BD87-99C184A6FA29}.Release|Any CPU.ActiveCfg = Release|Any CPU
		{45B2F648-AA9A-4FCE-BD87-99C184A6FA29}.Release|Any CPU.Build.0 = Release|Any CPU
		{9BBD2CAF-B6C1-4747-816B-59D95D18610E}.Debug|Any CPU.ActiveCfg = Debug|Any CPU
		{9BBD2CAF-B6C1-4747-816B-59D95D18610E}.Debug|Any CPU.Build.0 = Debug|Any CPU
		{9BBD2CAF-B6C1-4747-816B-59D95D18610E}.Release|Any CPU.ActiveCfg = Release|Any CPU
		{9BBD2CAF-B6C1-4747-816B-59D95D18610E}.Release|Any CPU.Build.0 = Release|Any CPU
		{4E51504E-D0E2-49F5-A726-DCC4E4E780E5}.Debug|Any CPU.ActiveCfg = Debug|Any CPU
		{4E51504E-D0E2-49F5-A726-DCC4E4E780E5}.Debug|Any CPU.Build.0 = Debug|Any CPU
		{4E51504E-D0E2-49F5-A726-DCC4E4E780E5}.Release|Any CPU.ActiveCfg = Release|Any CPU
		{4E51504E-D0E2-49F5-A726-DCC4E4E780E5}.Release|Any CPU.Build.0 = Release|Any CPU
	EndGlobalSection
	GlobalSection(SolutionProperties) = preSolution
		HideSolutionNode = FALSE
	EndGlobalSection
EndGlobal
